
Microsoft Visual Studio Solution File, Format Version 12.00
# Visual Studio Version 17
VisualStudioVersion = 17.6.33815.320
MinimumVisualStudioVersion = 10.0.40219.1
Project("{FAE04EC0-301F-11D3-BF4B-00C04F79EFBC}") = "AutoMapperApp.Web", "AutoMapperApp.Web\AutoMapperApp.Web.csproj", "{483871E1-B82A-4DBC-91EB-77C062D0BFE8}"
EndProject
Global
	GlobalSection(SolutionConfigurationPlatforms) = preSolution
		Debug|Any CPU = Debug|Any CPU
		Release|Any CPU = Release|Any CPU
	EndGlobalSection
	GlobalSection(ProjectConfigurationPlatforms) = postSolution
		{483871E1-B82A-4DBC-91EB-77C062D0BFE8}.Debug|Any CPU.ActiveCfg = Debug|Any CPU
		{483871E1-B82A-4DBC-91EB-77C062D0BFE8}.Debug|Any CPU.Build.0 = Debug|Any CPU
		{483871E1-B82A-4DBC-91EB-77C062D0BFE8}.Release|Any CPU.ActiveCfg = Release|Any CPU
		{483871E1-B82A-4DBC-91EB-77C062D0BFE8}.Release|Any CPU.Build.0 = Release|Any CPU
	EndGlobalSection
	GlobalSection(SolutionProperties) = preSolution
		HideSolutionNode = FALSE
	EndGlobalSection
	GlobalSection(ExtensibilityGlobals) = postSolution
		SolutionGuid = {A6D476E8-7F53-4341-B6FF-F37715ECA95E}
	EndGlobalSection
EndGlobal
